
Microsoft Visual Studio Solution File, Format Version 12.00
# Visual Studio 15
VisualStudioVersion = 15.0.28307.271
MinimumVisualStudioVersion = 10.0.40219.1
Project("{2150E333-8FDC-42A3-9474-1A3956D46DE8}") = "Chapter1", "Chapter1", "{164F7EAB-0093-4A6C-9F61-429A5E973808}"
EndProject
Project("{FAE04EC0-301F-11D3-BF4B-00C04F79EFBC}") = "Ch1.HelloWPFDemo", "Ch1.HelloWPFDemo\Ch1.HelloWPFDemo\Ch1.HelloWPFDemo.csproj", "{4EBDBA0F-7525-480F-B4AF-0760C4808AAE}"
EndProject
Project("{FAE04EC0-301F-11D3-BF4B-00C04F79EFBC}") = "Ch1.PageDemo", "Ch1.PageDemo\Ch1.PageDemo.csproj", "{9862FD2F-38FF-4AD9-8657-71DA1346DC1A}"
EndProject
Project("{FAE04EC0-301F-11D3-BF4B-00C04F79EFBC}") = "CH01.DialogBoxDemo", "CH01.DialogBoxDemo\CH01.DialogBoxDemo.csproj", "{21C9E4F3-8015-478D-B7F9-1A852A644438}"
EndProject
Project("{FAE04EC0-301F-11D3-BF4B-00C04F79EFBC}") = "Ch01.OwnershipDemo", "Ch01.OwnershipDemo\Ch01.OwnershipDemo.csproj", "{F94E8A4A-C1E8-4DE7-9BC8-E7A7856782E6}"
EndProject
Project("{FAE04EC0-301F-11D3-BF4B-00C04F79EFBC}") = "Ch01.SingleInstanceDemo", "Ch01.SingleInstanceDemo\Ch01.SingleInstanceDemo.csproj", "{C3DAB5F0-FF6C-4645-AA5C-A2EFB3401CE1}"
EndProject
Project("{FAE04EC0-301F-11D3-BF4B-00C04F79EFBC}") = "Ch01.CommandLineArgumentDemo", "Ch01.CommandLineArgumentDemo\Ch01.CommandLineArgumentDemo.csproj", "{9F1879C2-CA87-41F4-BA7F-9ADF4067064F}"
EndProject
Project("{FAE04EC0-301F-11D3-BF4B-00C04F79EFBC}") = "Ch01.UnhandledException", "Ch01.UnhandledException\Ch01.UnhandledException.csproj", "{715ABC92-0534-4BA8-A37D-6D3F9BF85BE3}"
EndProject
Project("{2150E333-8FDC-42A3-9474-1A3956D46DE8}") = "Chapter2", "Chapter2", "{740E7165-842C-4EE9-A82C-CE0DC5438623}"
EndProject
Project("{FAE04EC0-301F-11D3-BF4B-00C04F79EFBC}") = "Ch02.TextBlockDemo", "Ch02.TextBlockDemo\Ch02.TextBlockDemo.csproj", "{2867CCE5-9F48-4041-A748-9B62C079700C}"
EndProject
Project("{FAE04EC0-301F-11D3-BF4B-00C04F79EFBC}") = "Ch02.LabelDemo", "LabelDemo\Ch02.LabelDemo.csproj", "{D19A75C1-8CF4-4451-A3C3-B9ACE0A5A35A}"
EndProject
Project("{FAE04EC0-301F-11D3-BF4B-00C04F79EFBC}") = "Ch02.LabelAccessKeyDemo", "Ch02.LabelAccessKeyDemo\Ch02.LabelAccessKeyDemo.csproj", "{42B9AB17-02EC-40FA-BC5A-79AC7890345D}"
EndProject
Project("{FAE04EC0-301F-11D3-BF4B-00C04F79EFBC}") = "Ch02.TextBoxDemo", "Ch02.TextBoxDemo\Ch02.TextBoxDemo.csproj", "{5C24EC5A-DED9-4B7D-BDAE-012320804E58}"
EndProject
Project("{FAE04EC0-301F-11D3-BF4B-00C04F79EFBC}") = "Ch02.ImageDemo", "Ch02.ImageDemo\Ch02.ImageDemo.csproj", "{296EC97A-FB6B-4F76-A978-A6A649E4C503}"
EndProject
Project("{FAE04EC0-301F-11D3-BF4B-00C04F79EFBC}") = "Ch2.ShapesDemo", "Ch2.ShapesDemo\Ch2.ShapesDemo.csproj", "{C49BE7E5-2DA4-4F82-B8CA-C3FA78ECC679}"
EndProject
Global
	GlobalSection(SolutionConfigurationPlatforms) = preSolution
		Debug|Any CPU = Debug|Any CPU
		Release|Any CPU = Release|Any CPU
	EndGlobalSection
	GlobalSection(ProjectConfigurationPlatforms) = postSolution
		{4EBDBA0F-7525-480F-B4AF-0760C4808AAE}.Debug|Any CPU.ActiveCfg = Debug|Any CPU
		{4EBDBA0F-7525-480F-B4AF-0760C4808AAE}.Debug|Any CPU.Build.0 = Debug|Any CPU
		{4EBDBA0F-7525-480F-B4AF-0760C4808AAE}.Release|Any CPU.ActiveCfg = Release|Any CPU
		{4EBDBA0F-7525-480F-B4AF-0760C4808AAE}.Release|Any CPU.Build.0 = Release|Any CPU
		{9862FD2F-38FF-4AD9-8657-71DA1346DC1A}.Debug|Any CPU.ActiveCfg = Debug|Any CPU
		{9862FD2F-38FF-4AD9-8657-71DA1346DC1A}.Debug|Any CPU.Build.0 = Debug|Any CPU
		{9862FD2F-38FF-4AD9-8657-71DA1346DC1A}.Release|Any CPU.ActiveCfg = Release|Any CPU
		{9862FD2F-38FF-4AD9-8657-71DA1346DC1A}.Release|Any CPU.Build.0 = Release|Any CPU
		{21C9E4F3-8015-478D-B7F9-1A852A644438}.Debug|Any CPU.ActiveCfg = Debug|Any CPU
		{21C9E4F3-8015-478D-B7F9-1A852A644438}.Debug|Any CPU.Build.0 = Debug|Any CPU
		{21C9E4F3-8015-478D-B7F9-1A852A644438}.Release|Any CPU.ActiveCfg = Release|Any CPU
		{21C9E4F3-8015-478D-B7F9-1A852A644438}.Release|Any CPU.Build.0 = Release|Any CPU
		{F94E8A4A-C1E8-4DE7-9BC8-E7A7856782E6}.Debug|Any CPU.ActiveCfg = Debug|Any CPU
		{F94E8A4A-C1E8-4DE7-9BC8-E7A7856782E6}.Debug|Any CPU.Build.0 = Debug|Any CPU
		{F94E8A4A-C1E8-4DE7-9BC8-E7A7856782E6}.Release|Any CPU.ActiveCfg = Release|Any CPU
		{F94E8A4A-C1E8-4DE7-9BC8-E7A7856782E6}.Release|Any CPU.Build.0 = Release|Any CPU
		{C3DAB5F0-FF6C-4645-AA5C-A2EFB3401CE1}.Debug|Any CPU.ActiveCfg = Debug|Any CPU
		{C3DAB5F0-FF6C-4645-AA5C-A2EFB3401CE1}.Debug|Any CPU.Build.0 = Debug|Any CPU
		{C3DAB5F0-FF6C-4645-AA5C-A2EFB3401CE1}.Release|Any CPU.ActiveCfg = Release|Any CPU
		{C3DAB5F0-FF6C-4645-AA5C-A2EFB3401CE1}.Release|Any CPU.Build.0 = Release|Any CPU
		{9F1879C2-CA87-41F4-BA7F-9ADF4067064F}.Debug|Any CPU.ActiveCfg = Debug|Any CPU
		{9F1879C2-CA87-41F4-BA7F-9ADF4067064F}.Debug|Any CPU.Build.0 = Debug|Any CPU
		{9F1879C2-CA87-41F4-BA7F-9ADF4067064F}.Release|Any CPU.ActiveCfg = Release|Any CPU
		{9F1879C2-CA87-41F4-BA7F-9ADF4067064F}.Release|Any CPU.Build.0 = Release|Any CPU
		{715ABC92-0534-4BA8-A37D-6D3F9BF85BE3}.Debug|Any CPU.ActiveCfg = Debug|Any CPU
		{715ABC92-0534-4BA8-A37D-6D3F9BF85BE3}.Debug|Any CPU.Build.0 = Debug|Any CPU
		{715ABC92-0534-4BA8-A37D-6D3F9BF85BE3}.Release|Any CPU.ActiveCfg = Release|Any CPU
		{715ABC92-0534-4BA8-A37D-6D3F9BF85BE3}.Release|Any CPU.Build.0 = Release|Any CPU
		{2867CCE5-9F48-4041-A748-9B62C079700C}.Debug|Any CPU.ActiveCfg = Debug|Any CPU
		{2867CCE5-9F48-4041-A748-9B62C079700C}.Debug|Any CPU.Build.0 = Debug|Any CPU
		{2867CCE5-9F48-4041-A748-9B62C079700C}.Release|Any CPU.ActiveCfg = Release|Any CPU
		{2867CCE5-9F48-4041-A748-9B62C079700C}.Release|Any CPU.Build.0 = Release|Any CPU
		{D19A75C1-8CF4-4451-A3C3-B9ACE0A5A35A}.Debug|Any CPU.ActiveCfg = Debug|Any CPU
		{D19A75C1-8CF4-4451-A3C3-B9ACE0A5A35A}.Debug|Any CPU.Build.0 = Debug|Any CPU
		{D19A75C1-8CF4-4451-A3C3-B9ACE0A5A35A}.Release|Any CPU.ActiveCfg = Release|Any CPU
		{D19A75C1-8CF4-4451-A3C3-B9ACE0A5A35A}.Release|Any CPU.Build.0 = Release|Any CPU
		{42B9AB17-02EC-40FA-BC5A-79AC7890345D}.Debug|Any CPU.ActiveCfg = Debug|Any CPU
		{42B9AB17-02EC-40FA-BC5A-79AC7890345D}.Debug|Any CPU.Build.0 = Debug|Any CPU
		{42B9AB17-02EC-40FA-BC5A-79AC7890345D}.Release|Any CPU.ActiveCfg = Release|Any CPU
		{42B9AB17-02EC-40FA-BC5A-79AC7890345D}.Release|Any CPU.Build.0 = Release|Any CPU
		{5C24EC5A-DED9-4B7D-BDAE-012320804E58}.Debug|Any CPU.ActiveCfg = Debug|Any CPU
		{5C24EC5A-DED9-4B7D-BDAE-012320804E58}.Debug|Any CPU.Build.0 = Debug|Any CPU
		{5C24EC5A-DED9-4B7D-BDAE-012320804E58}.Release|Any CPU.ActiveCfg = Release|Any CPU
		{5C24EC5A-DED9-4B7D-BDAE-012320804E58}.Release|Any CPU.Build.0 = Release|Any CPU
		{296EC97A-FB6B-4F76-A978-A6A649E4C503}.Debug|Any CPU.ActiveCfg = Debug|Any CPU
		{296EC97A-FB6B-4F76-A978-A6A649E4C503}.Debug|Any CPU.Build.0 = Debug|Any CPU
		{296EC97A-FB6B-4F76-A978-A6A649E4C503}.Release|Any CPU.ActiveCfg = Release|Any CPU
		{296EC97A-FB6B-4F76-A978-A6A649E4C503}.Release|Any CPU.Build.0 = Release|Any CPU
		{C49BE7E5-2DA4-4F82-B8CA-C3FA78ECC679}.Debug|Any CPU.ActiveCfg = Debug|Any CPU
		{C49BE7E5-2DA4-4F82-B8CA-C3FA78ECC679}.Debug|Any CPU.Build.0 = Debug|Any CPU
		{C49BE7E5-2DA4-4F82-B8CA-C3FA78ECC679}.Release|Any CPU.ActiveCfg = Release|Any CPU
		{C49BE7E5-2DA4-4F82-B8CA-C3FA78ECC679}.Release|Any CPU.Build.0 = Release|Any CPU
	EndGlobalSection
	GlobalSection(SolutionProperties) = preSolution
		HideSolutionNode = FALSE
	EndGlobalSection
	GlobalSection(NestedProjects) = preSolution
		{4EBDBA0F-7525-480F-B4AF-0760C4808AAE} = {164F7EAB-0093-4A6C-9F61-429A5E973808}
		{9862FD2F-38FF-4AD9-8657-71DA1346DC1A} = {164F7EAB-0093-4A6C-9F61-429A5E973808}
		{21C9E4F3-8015-478D-B7F9-1A852A644438} = {164F7EAB-0093-4A6C-9F61-429A5E973808}
		{F94E8A4A-C1E8-4DE7-9BC8-E7A7856782E6} = {164F7EAB-0093-4A6C-9F61-429A5E973808}
		{C3DAB5F0-FF6C-4645-AA5C-A2EFB3401CE1} = {164F7EAB-0093-4A6C-9F61-429A5E973808}
		{9F1879C2-CA87-41F4-BA7F-9ADF4067064F} = {164F7EAB-0093-4A6C-9F61-429A5E973808}
		{715ABC92-0534-4BA8-A37D-6D3F9BF85BE3} = {164F7EAB-0093-4A6C-9F61-429A5E973808}
		{2867CCE5-9F48-4041-A748-9B62C079700C} = {740E7165-842C-4EE9-A82C-CE0DC5438623}
		{D19A75C1-8CF4-4451-A3C3-B9ACE0A5A35A} = {740E7165-842C-4EE9-A82C-CE0DC5438623}
		{42B9AB17-02EC-40FA-BC5A-79AC7890345D} = {740E7165-842C-4EE9-A82C-CE0DC5438623}
		{5C24EC5A-DED9-4B7D-BDAE-012320804E58} = {740E7165-842C-4EE9-A82C-CE0DC5438623}
		{296EC97A-FB6B-4F76-A978-A6A649E4C503} = {740E7165-842C-4EE9-A82C-CE0DC5438623}
		{C49BE7E5-2DA4-4F82-B8CA-C3FA78ECC679} = {740E7165-842C-4EE9-A82C-CE0DC5438623}
	EndGlobalSection
	GlobalSection(ExtensibilityGlobals) = postSolution
		SolutionGuid = {DA0100D8-6ED4-4242-A93C-8F88B8998A61}
	EndGlobalSection
EndGlobal
